{
  "nodes": {
    "nixos-shell": {
      "inputs": {
        "nixpkgs": [
          "nixpkgs"
        ]
      },
      "locked": {
        "lastModified": 1698737528,
        "narHash": "sha256-65qiCQPFGCpdjcfQrO1EZKe+LFD0tzmlecFOACNwMbY=",
        "owner": "Mic92",
        "repo": "nixos-shell",
        "rev": "8a835e240adc32e68d6fc7ca5aaf3f597de08d5f",
        "type": "github"
      },
      "original": {
        "owner": "Mic92",
        "repo": "nixos-shell",
        "type": "github"
      }
    },
    "nixpkgs": {
      "locked": {
        "lastModified": 1710283656,
        "narHash": "sha256-nI+AOy4uK6jLGBi9nsbHjL1EdSIzoo8oa+9oeVhbyFc=",
        "owner": "nixos",
        "repo": "nixpkgs",
        "rev": "51063ed4f2343a59fdeebb279bb81d87d453942b",
        "type": "github"
      },
      "original": {
        "owner": "nixos",
        "ref": "nixos-23.11",
        "repo": "nixpkgs",
        "type": "github"
      }
    },
    "root": {
      "inputs": {
        "nixos-shell": "nixos-shell",
        "nixpkgs": "nixpkgs"
      }
    }
  },
  "root": "root",
  "version": 7
}
